
Microsoft Visual Studio Solution File, Format Version 12.00
# Visual Studio Version 17
VisualStudioVersion = 17.9.34723.18
MinimumVisualStudioVersion = 10.0.40219.1
Project("{9A19103F-16F7-4668-BE54-9A1E7A4F7556}") = "MasterMindEngine", "MasterMindEngine\MasterMindEngine.csproj", "{763495BD-793A-4519-83C0-E5EB3185E43B}"
EndProject
Project("{9A19103F-16F7-4668-BE54-9A1E7A4F7556}") = "MasterMindEngineTests", "MasterMindEngineTests\MasterMindEngineTests.csproj", "{733EC8EB-A464-419E-88F3-10538D30A17B}"
EndProject
Project("{2150E333-8FDC-42A3-9474-1A3956D46DE8}") = "Solution Items", "Solution Items", "{81AE234B-E1C0-456C-8C2C-1A8E5DE6C979}"
	ProjectSection(SolutionItems) = preProject
		..\scratchbook.txt = ..\scratchbook.txt
	EndProjectSection
EndProject
Global
	GlobalSection(SolutionConfigurationPlatforms) = preSolution
		Debug|Any CPU = Debug|Any CPU
		Release|Any CPU = Release|Any CPU
	EndGlobalSection
	GlobalSection(ProjectConfigurationPlatforms) = postSolution
		{763495BD-793A-4519-83C0-E5EB3185E43B}.Debug|Any CPU.ActiveCfg = Debug|Any CPU
		{763495BD-793A-4519-83C0-E5EB3185E43B}.Debug|Any CPU.Build.0 = Debug|Any CPU
		{763495BD-793A-4519-83C0-E5EB3185E43B}.Release|Any CPU.ActiveCfg = Release|Any CPU
		{763495BD-793A-4519-83C0-E5EB3185E43B}.Release|Any CPU.Build.0 = Release|Any CPU
		{733EC8EB-A464-419E-88F3-10538D30A17B}.Debug|Any CPU.ActiveCfg = Debug|Any CPU
		{733EC8EB-A464-419E-88F3-10538D30A17B}.Debug|Any CPU.Build.0 = Debug|Any CPU
		{733EC8EB-A464-419E-88F3-10538D30A17B}.Release|Any CPU.ActiveCfg = Release|Any CPU
		{733EC8EB-A464-419E-88F3-10538D30A17B}.Release|Any CPU.Build.0 = Release|Any CPU
	EndGlobalSection
	GlobalSection(SolutionProperties) = preSolution
		HideSolutionNode = FALSE
	EndGlobalSection
	GlobalSection(ExtensibilityGlobals) = postSolution
		SolutionGuid = {AF58E509-5584-4F1C-B0DA-21777A48E4C9}
	EndGlobalSection
EndGlobal
